// !$*UTF8*$!
{
	archiveVersion = 1;
	classes = {
	};
	objectVersion = 56;
	objects = {

/* Begin PBXBuildFile section */
		75F3D99D2C9D4776002C3028 /* TourMapApp.swift in Sources */ = {isa = PBXBuildFile; fileRef = 75F3D99C2C9D4776002C3028 /* TourMapApp.swift */; };
		75F3D99F2C9D4776002C3028 /* HomeLocationView.swift in Sources */ = {isa = PBXBuildFile; fileRef = 75F3D99E2C9D4776002C3028 /* HomeLocationView.swift */; };
		75F3D9A12C9D4778002C3028 /* Assets.xcassets in Resources */ = {isa = PBXBuildFile; fileRef = 75F3D9A02C9D4778002C3028 /* Assets.xcassets */; };
		75F3D9A42C9D4778002C3028 /* Preview Assets.xcassets in Resources */ = {isa = PBXBuildFile; fileRef = 75F3D9A32C9D4778002C3028 /* Preview Assets.xcassets */; };
		75F3D9AE2C9D51FC002C3028 /* ModelLocation.swift in Sources */ = {isa = PBXBuildFile; fileRef = 75F3D9AD2C9D51FC002C3028 /* ModelLocation.swift */; };
		75F3D9B12C9D53D3002C3028 /* AppHelper.swift in Sources */ = {isa = PBXBuildFile; fileRef = 75F3D9B02C9D53D3002C3028 /* AppHelper.swift */; };
		75F3D9B32C9D5B3B002C3028 /* LocationViewModel.swift in Sources */ = {isa = PBXBuildFile; fileRef = 75F3D9B22C9D5B3B002C3028 /* LocationViewModel.swift */; };
		75F3D9B52C9ED545002C3028 /* LocationListView.swift in Sources */ = {isa = PBXBuildFile; fileRef = 75F3D9B42C9ED545002C3028 /* LocationListView.swift */; };
		75F3D9B72CA148D3002C3028 /* LocationPreviewView.swift in Sources */ = {isa = PBXBuildFile; fileRef = 75F3D9B62CA148D2002C3028 /* LocationPreviewView.swift */; };
		75F3D9BB2CA538E2002C3028 /* MapMarkerView.swift in Sources */ = {isa = PBXBuildFile; fileRef = 75F3D9BA2CA538E2002C3028 /* MapMarkerView.swift */; };
		75F3D9BD2CA57451002C3028 /* LocationDetailView.swift in Sources */ = {isa = PBXBuildFile; fileRef = 75F3D9BC2CA57451002C3028 /* LocationDetailView.swift */; };
/* End PBXBuildFile section */

/* Begin PBXFileReference section */
		75F3D9992C9D4776002C3028 /* TourMap.app */ = {isa = PBXFileReference; explicitFileType = wrapper.application; includeInIndex = 0; path = TourMap.app; sourceTree = BUILT_PRODUCTS_DIR; };
		75F3D99C2C9D4776002C3028 /* TourMapApp.swift */ = {isa = PBXFileReference; lastKnownFileType = sourcecode.swift; path = TourMapApp.swift; sourceTree = "<group>"; };
		75F3D99E2C9D4776002C3028 /* HomeLocationView.swift */ = {isa = PBXFileReference; lastKnownFileType = sourcecode.swift; path = HomeLocationView.swift; sourceTree = "<group>"; };
		75F3D9A02C9D4778002C3028 /* Assets.xcassets */ = {isa = PBXFileReference; lastKnownFileType = folder.assetcatalog; path = Assets.xcassets; sourceTree = "<group>"; };
		75F3D9A32C9D4778002C3028 /* Preview Assets.xcassets */ = {isa = PBXFileReference; lastKnownFileType = folder.assetcatalog; path = "Preview Assets.xcassets"; sourceTree = "<group>"; };
		75F3D9AD2C9D51FC002C3028 /* ModelLocation.swift */ = {isa = PBXFileReference; lastKnownFileType = sourcecode.swift; path = ModelLocation.swift; sourceTree = "<group>"; };
		75F3D9B02C9D53D3002C3028 /* AppHelper.swift */ = {isa = PBXFileReference; lastKnownFileType = sourcecode.swift; path = AppHelper.swift; sourceTree = "<group>"; };
		75F3D9B22C9D5B3B002C3028 /* LocationViewModel.swift */ = {isa = PBXFileReference; lastKnownFileType = sourcecode.swift; path = LocationViewModel.swift; sourceTree = "<group>"; };
		75F3D9B42C9ED545002C3028 /* LocationListView.swift */ = {isa = PBXFileReference; lastKnownFileType = sourcecode.swift; path = LocationListView.swift; sourceTree = "<group>"; };
		75F3D9B62CA148D2002C3028 /* LocationPreviewView.swift */ = {isa = PBXFileReference; lastKnownFileType = sourcecode.swift; path = LocationPreviewView.swift; sourceTree = "<group>"; };
		75F3D9BA2CA538E2002C3028 /* MapMarkerView.swift */ = {isa = PBXFileReference; lastKnownFileType = sourcecode.swift; path = MapMarkerView.swift; sourceTree = "<group>"; };
		75F3D9BC2CA57451002C3028 /* LocationDetailView.swift */ = {isa = PBXFileReference; lastKnownFileType = sourcecode.swift; path = LocationDetailView.swift; sourceTree = "<group>"; };
/* End PBXFileReference section */

/* Begin PBXFrameworksBuildPhase section */
		75F3D9962C9D4776002C3028 /* Frameworks */ = {
			isa = PBXFrameworksBuildPhase;
			buildActionMask = 2147483647;
			files = (
			);
			runOnlyForDeploymentPostprocessing = 0;
		};
/* End PBXFrameworksBuildPhase section */

/* Begin PBXGroup section */
		75F3D9902C9D4776002C3028 = {
			isa = PBXGroup;
			children = (
				75F3D99B2C9D4776002C3028 /* TourMap */,
				75F3D99A2C9D4776002C3028 /* Products */,
			);
			sourceTree = "<group>";
		};
		75F3D99A2C9D4776002C3028 /* Products */ = {
			isa = PBXGroup;
			children = (
				75F3D9992C9D4776002C3028 /* TourMap.app */,
			);
			name = Products;
			sourceTree = "<group>";
		};
		75F3D99B2C9D4776002C3028 /* TourMap */ = {
			isa = PBXGroup;
			children = (
				75F3D99C2C9D4776002C3028 /* TourMapApp.swift */,
				75F3D9B02C9D53D3002C3028 /* AppHelper.swift */,
				75F3D9AC2C9D47BA002C3028 /* Model */,
				75F3D9AB2C9D47A0002C3028 /* ViewModel */,
				75F3D9AA2C9D4796002C3028 /* Views */,
				75F3D9A02C9D4778002C3028 /* Assets.xcassets */,
				75F3D9A22C9D4778002C3028 /* Preview Content */,
			);
			path = TourMap;
			sourceTree = "<group>";
		};
		75F3D9A22C9D4778002C3028 /* Preview Content */ = {
			isa = PBXGroup;
			children = (
				75F3D9A32C9D4778002C3028 /* Preview Assets.xcassets */,
			);
			path = "Preview Content";
			sourceTree = "<group>";
		};
		75F3D9AA2C9D4796002C3028 /* Views */ = {
			isa = PBXGroup;
			children = (
				75F3D99E2C9D4776002C3028 /* HomeLocationView.swift */,
				75F3D9B42C9ED545002C3028 /* LocationListView.swift */,
				75F3D9B62CA148D2002C3028 /* LocationPreviewView.swift */,
				75F3D9BA2CA538E2002C3028 /* MapMarkerView.swift */,
				75F3D9BC2CA57451002C3028 /* LocationDetailView.swift */,
			);
			path = Views;
			sourceTree = "<group>";
		};
		75F3D9AB2C9D47A0002C3028 /* ViewModel */ = {
			isa = PBXGroup;
			children = (
				75F3D9B22C9D5B3B002C3028 /* LocationViewModel.swift */,
			);
			path = ViewModel;
			sourceTree = "<group>";
		};
		75F3D9AC2C9D47BA002C3028 /* Model */ = {
			isa = PBXGroup;
			children = (
				75F3D9AD2C9D51FC002C3028 /* ModelLocation.swift */,
			);
			path = Model;
			sourceTree = "<group>";
		};
/* End PBXGroup section */

/* Begin PBXNativeTarget section */
		75F3D9982C9D4776002C3028 /* TourMap */ = {
			isa = PBXNativeTarget;
			buildConfigurationList = 75F3D9A72C9D4778002C3028 /* Build configuration list for PBXNativeTarget "TourMap" */;
			buildPhases = (
				75F3D9952C9D4776002C3028 /* Sources */,
				75F3D9962C9D4776002C3028 /* Frameworks */,
				75F3D9972C9D4776002C3028 /* Resources */,
			);
			buildRules = (
			);
			dependencies = (
			);
			name = TourMap;
			productName = TourMap;
			productReference = 75F3D9992C9D4776002C3028 /* TourMap.app */;
			productType = "com.apple.product-type.application";
		};
/* End PBXNativeTarget section */

/* Begin PBXProject section */
		75F3D9912C9D4776002C3028 /* Project object */ = {
			isa = PBXProject;
			attributes = {
				BuildIndependentTargetsInParallel = 1;
				LastSwiftUpdateCheck = 1530;
				LastUpgradeCheck = 1530;
				TargetAttributes = {
					75F3D9982C9D4776002C3028 = {
						CreatedOnToolsVersion = 15.3;
					};
				};
			};
			buildConfigurationList = 75F3D9942C9D4776002C3028 /* Build configuration list for PBXProject "TourMap" */;
			compatibilityVersion = "Xcode 14.0";
			developmentRegion = en;
			hasScannedForEncodings = 0;
			knownRegions = (
				en,
				Base,
			);
			mainGroup = 75F3D9902C9D4776002C3028;
			productRefGroup = 75F3D99A2C9D4776002C3028 /* Products */;
			projectDirPath = "";
			projectRoot = "";
			targets = (
				75F3D9982C9D4776002C3028 /* TourMap */,
			);
		};
/* End PBXProject section */

/* Begin PBXResourcesBuildPhase section */
		75F3D9972C9D4776002C3028 /* Resources */ = {
			isa = PBXResourcesBuildPhase;
			buildActionMask = 2147483647;
			files = (
				75F3D9A42C9D4778002C3028 /* Preview Assets.xcassets in Resources */,
				75F3D9A12C9D4778002C3028 /* Assets.xcassets in Resources */,
			);
			runOnlyForDeploymentPostprocessing = 0;
		};
/* End PBXResourcesBuildPhase section */

/* Begin PBXSourcesBuildPhase section */
		75F3D9952C9D4776002C3028 /* Sources */ = {
			isa = PBXSourcesBuildPhase;
			buildActionMask = 2147483647;
			files = (
				75F3D9AE2C9D51FC002C3028 /* ModelLocation.swift in Sources */,
				75F3D9BB2CA538E2002C3028 /* MapMarkerView.swift in Sources */,
				75F3D9BD2CA57451002C3028 /* LocationDetailView.swift in Sources */,
				75F3D99F2C9D4776002C3028 /* HomeLocationView.swift in Sources */,
				75F3D99D2C9D4776002C3028 /* TourMapApp.swift in Sources */,
				75F3D9B52C9ED545002C3028 /* LocationListView.swift in Sources */,
				75F3D9B72CA148D3002C3028 /* LocationPreviewView.swift in Sources */,
				75F3D9B32C9D5B3B002C3028 /* LocationViewModel.swift in Sources */,
				75F3D9B12C9D53D3002C3028 /* AppHelper.swift in Sources */,
			);
			runOnlyForDeploymentPostprocessing = 0;
		};
/* End PBXSourcesBuildPhase section */

/* Begin XCBuildConfiguration section */
		75F3D9A52C9D4778002C3028 /* Debug */ = {
			isa = XCBuildConfiguration;
			buildSettings = {
				ALWAYS_SEARCH_USER_PATHS = NO;
				ASSETCATALOG_COMPILER_GENERATE_SWIFT_ASSET_SYMBOL_EXTENSIONS = YES;
				CLANG_ANALYZER_NONNULL = YES;
				CLANG_ANALYZER_NUMBER_OBJECT_CONVERSION = YES_AGGRESSIVE;
				CLANG_CXX_LANGUAGE_STANDARD = "gnu++20";
				CLANG_ENABLE_MODULES = YES;
				CLANG_ENABLE_OBJC_ARC = YES;
				CLANG_ENABLE_OBJC_WEAK = YES;
				CLANG_WARN_BLOCK_CAPTURE_AUTORELEASING = YES;
				CLANG_WARN_BOOL_CONVERSION = YES;
				CLANG_WARN_COMMA = YES;
				CLANG_WARN_CONSTANT_CONVERSION = YES;
				CLANG_WARN_DEPRECATED_OBJC_IMPLEMENTATIONS = YES;
				CLANG_WARN_DIRECT_OBJC_ISA_USAGE = YES_ERROR;
				CLANG_WARN_DOCUMENTATION_COMMENTS = YES;
				CLANG_WARN_EMPTY_BODY = YES;
				CLANG_WARN_ENUM_CONVERSION = YES;
				CLANG_WARN_INFINITE_RECURSION = YES;
				CLANG_WARN_INT_CONVERSION = YES;
				CLANG_WARN_NON_LITERAL_NULL_CONVERSION = YES;
				CLANG_WARN_OBJC_IMPLICIT_RETAIN_SELF = YES;
				CLANG_WARN_OBJC_LITERAL_CONVERSION = YES;
				CLANG_WARN_OBJC_ROOT_CLASS = YES_ERROR;
				CLANG_WARN_QUOTED_INCLUDE_IN_FRAMEWORK_HEADER = YES;
				CLANG_WARN_RANGE_LOOP_ANALYSIS = YES;
				CLANG_WARN_STRICT_PROTOTYPES = YES;
				CLANG_WARN_SUSPICIOUS_MOVE = YES;
				CLANG_WARN_UNGUARDED_AVAILABILITY = YES_AGGRESSIVE;
				CLANG_WARN_UNREACHABLE_CODE = YES;
				CLANG_WARN__DUPLICATE_METHOD_MATCH = YES;
				COPY_PHASE_STRIP = NO;
				DEBUG_INFORMATION_FORMAT = dwarf;
				ENABLE_STRICT_OBJC_MSGSEND = YES;
				ENABLE_TESTABILITY = YES;
				ENABLE_USER_SCRIPT_SANDBOXING = YES;
				GCC_C_LANGUAGE_STANDARD = gnu17;
				GCC_DYNAMIC_NO_PIC = NO;
				GCC_NO_COMMON_BLOCKS = YES;
				GCC_OPTIMIZATION_LEVEL = 0;
				GCC_PREPROCESSOR_DEFINITIONS = (
					"DEBUG=1",
					"$(inherited)",
				);
				GCC_WARN_64_TO_32_BIT_CONVERSION = YES;
				GCC_WARN_ABOUT_RETURN_TYPE = YES_ERROR;
				GCC_WARN_UNDECLARED_SELECTOR = YES;
				GCC_WARN_UNINITIALIZED_AUTOS = YES_AGGRESSIVE;
				GCC_WARN_UNUSED_FUNCTION = YES;
				GCC_WARN_UNUSED_VARIABLE = YES;
				IPHONEOS_DEPLOYMENT_TARGET = 17.4;
				LOCALIZATION_PREFERS_STRING_CATALOGS = YES;
				MTL_ENABLE_DEBUG_INFO = INCLUDE_SOURCE;
				MTL_FAST_MATH = YES;
				ONLY_ACTIVE_ARCH = YES;
				SDKROOT = iphoneos;
				SWIFT_ACTIVE_COMPILATION_CONDITIONS = "DEBUG $(inherited)";
				SWIFT_OPTIMIZATION_LEVEL = "-Onone";
			};
			name = Debug;
		};
		75F3D9A62C9D4778002C3028 /* Release */ = {
			isa = XCBuildConfiguration;
			buildSettings = {
				ALWAYS_SEARCH_USER_PATHS = NO;
				ASSETCATALOG_COMPILER_GENERATE_SWIFT_ASSET_SYMBOL_EXTENSIONS = YES;
				CLANG_ANALYZER_NONNULL = YES;
				CLANG_ANALYZER_NUMBER_OBJECT_CONVERSION = YES_AGGRESSIVE;
				CLANG_CXX_LANGUAGE_STANDARD = "gnu++20";
				CLANG_ENABLE_MODULES = YES;
				CLANG_ENABLE_OBJC_ARC = YES;
				CLANG_ENABLE_OBJC_WEAK = YES;
				CLANG_WARN_BLOCK_CAPTURE_AUTORELEASING = YES;
				CLANG_WARN_BOOL_CONVERSION = YES;
				CLANG_WARN_COMMA = YES;
				CLANG_WARN_CONSTANT_CONVERSION = YES;
				CLANG_WARN_DEPRECATED_OBJC_IMPLEMENTATIONS = YES;
				CLANG_WARN_DIRECT_OBJC_ISA_USAGE = YES_ERROR;
				CLANG_WARN_DOCUMENTATION_COMMENTS = YES;
				CLANG_WARN_EMPTY_BODY = YES;
				CLANG_WARN_ENUM_CONVERSION = YES;
				CLANG_WARN_INFINITE_RECURSION = YES;
				CLANG_WARN_INT_CONVERSION = YES;
				CLANG_WARN_NON_LITERAL_NULL_CONVERSION = YES;
				CLANG_WARN_OBJC_IMPLICIT_RETAIN_SELF = YES;
				CLANG_WARN_OBJC_LITERAL_CONVERSION = YES;
				CLANG_WARN_OBJC_ROOT_CLASS = YES_ERROR;
				CLANG_WARN_QUOTED_INCLUDE_IN_FRAMEWORK_HEADER = YES;
				CLANG_WARN_RANGE_LOOP_ANALYSIS = YES;
				CLANG_WARN_STRICT_PROTOTYPES = YES;
				CLANG_WARN_SUSPICIOUS_MOVE = YES;
				CLANG_WARN_UNGUARDED_AVAILABILITY = YES_AGGRESSIVE;
				CLANG_WARN_UNREACHABLE_CODE = YES;
				CLANG_WARN__DUPLICATE_METHOD_MATCH = YES;
				COPY_PHASE_STRIP = NO;
				DEBUG_INFORMATION_FORMAT = "dwarf-with-dsym";
				ENABLE_NS_ASSERTIONS = NO;
				ENABLE_STRICT_OBJC_MSGSEND = YES;
				ENABLE_USER_SCRIPT_SANDBOXING = YES;
				GCC_C_LANGUAGE_STANDARD = gnu17;
				GCC_NO_COMMON_BLOCKS = YES;
				GCC_WARN_64_TO_32_BIT_CONVERSION = YES;
				GCC_WARN_ABOUT_RETURN_TYPE = YES_ERROR;
				GCC_WARN_UNDECLARED_SELECTOR = YES;
				GCC_WARN_UNINITIALIZED_AUTOS = YES_AGGRESSIVE;
				GCC_WARN_UNUSED_FUNCTION = YES;
				GCC_WARN_UNUSED_VARIABLE = YES;
				IPHONEOS_DEPLOYMENT_TARGET = 17.4;
				LOCALIZATION_PREFERS_STRING_CATALOGS = YES;
				MTL_ENABLE_DEBUG_INFO = NO;
				MTL_FAST_MATH = YES;
				SDKROOT = iphoneos;
				SWIFT_COMPILATION_MODE = wholemodule;
				VALIDATE_PRODUCT = YES;
			};
			name = Release;
		};
		75F3D9A82C9D4778002C3028 /* Debug */ = {
			isa = XCBuildConfiguration;
			buildSettings = {
				ASSETCATALOG_COMPILER_APPICON_NAME = AppIcon;
				ASSETCATALOG_COMPILER_GLOBAL_ACCENT_COLOR_NAME = AccentColor;
				CODE_SIGN_STYLE = Automatic;
				CURRENT_PROJECT_VERSION = 1;
				DEVELOPMENT_ASSET_PATHS = "\"TourMap/Preview Content\"";
				DEVELOPMENT_TEAM = CKSK2Q7V65;
				ENABLE_PREVIEWS = YES;
				GENERATE_INFOPLIST_FILE = YES;
				INFOPLIST_KEY_UIApplicationSceneManifest_Generation = YES;
				INFOPLIST_KEY_UIApplicationSupportsIndirectInputEvents = YES;
				INFOPLIST_KEY_UILaunchScreen_Generation = YES;
				INFOPLIST_KEY_UISupportedInterfaceOrientations_iPad = "UIInterfaceOrientationPortrait UIInterfaceOrientationPortraitUpsideDown UIInterfaceOrientationLandscapeLeft UIInterfaceOrientationLandscapeRight";
				INFOPLIST_KEY_UISupportedInterfaceOrientations_iPhone = "UIInterfaceOrientationPortrait UIInterfaceOrientationLandscapeLeft UIInterfaceOrientationLandscapeRight";
				IPHONEOS_DEPLOYMENT_TARGET = 17.0;
				LD_RUNPATH_SEARCH_PATHS = (
					"$(inherited)",
					"@executable_path/Frameworks",
				);
				MARKETING_VERSION = 1.0;
				PRODUCT_BUNDLE_IDENTIFIER = com.isgl.TourMap;
				PRODUCT_NAME = "$(TARGET_NAME)";
				SWIFT_EMIT_LOC_STRINGS = YES;
				SWIFT_VERSION = 5.0;
				TARGETED_DEVICE_FAMILY = "1,2";
			};
			name = Debug;
		};
		75F3D9A92C9D4778002C3028 /* Release */ = {
			isa = XCBuildConfiguration;
			buildSettings = {
				ASSETCATALOG_COMPILER_APPICON_NAME = AppIcon;
				ASSETCATALOG_COMPILER_GLOBAL_ACCENT_COLOR_NAME = AccentColor;
				CODE_SIGN_STYLE = Automatic;
				CURRENT_PROJECT_VERSION = 1;
				DEVELOPMENT_ASSET_PATHS = "\"TourMap/Preview Content\"";
				DEVELOPMENT_TEAM = CKSK2Q7V65;
				ENABLE_PREVIEWS = YES;
				GENERATE_INFOPLIST_FILE = YES;
				INFOPLIST_KEY_UIApplicationSceneManifest_Generation = YES;
				INFOPLIST_KEY_UIApplicationSupportsIndirectInputEvents = YES;
				INFOPLIST_KEY_UILaunchScreen_Generation = YES;
				INFOPLIST_KEY_UISupportedInterfaceOrientations_iPad = "UIInterfaceOrientationPortrait UIInterfaceOrientationPortraitUpsideDown UIInterfaceOrientationLandscapeLeft UIInterfaceOrientationLandscapeRight";
				INFOPLIST_KEY_UISupportedInterfaceOrientations_iPhone = "UIInterfaceOrientationPortrait UIInterfaceOrientationLandscapeLeft UIInterfaceOrientationLandscapeRight";
				IPHONEOS_DEPLOYMENT_TARGET = 17.0;
				LD_RUNPATH_SEARCH_PATHS = (
					"$(inherited)",
					"@executable_path/Frameworks",
				);
				MARKETING_VERSION = 1.0;
				PRODUCT_BUNDLE_IDENTIFIER = com.isgl.TourMap;
				PRODUCT_NAME = "$(TARGET_NAME)";
				SWIFT_EMIT_LOC_STRINGS = YES;
				SWIFT_VERSION = 5.0;
				TARGETED_DEVICE_FAMILY = "1,2";
			};
			name = Release;
		};
/* End XCBuildConfiguration section */

/* Begin XCConfigurationList section */
		75F3D9942C9D4776002C3028 /* Build configuration list for PBXProject "TourMap" */ = {
			isa = XCConfigurationList;
			buildConfigurations = (
				75F3D9A52C9D4778002C3028 /* Debug */,
				75F3D9A62C9D4778002C3028 /* Release */,
			);
			defaultConfigurationIsVisible = 0;
			defaultConfigurationName = Release;
		};
		75F3D9A72C9D4778002C3028 /* Build configuration list for PBXNativeTarget "TourMap" */ = {
			isa = XCConfigurationList;
			buildConfigurations = (
				75F3D9A82C9D4778002C3028 /* Debug */,
				75F3D9A92C9D4778002C3028 /* Release */,
			);
			defaultConfigurationIsVisible = 0;
			defaultConfigurationName = Release;
		};
/* End XCConfigurationList section */
	};
	rootObject = 75F3D9912C9D4776002C3028 /* Project object */;
}
